<?xml version="1.0" encoding="utf-8"?>
<Project ToolsVersion="4.0" xmlns="http://schemas.microsoft.com/developer/msbuild/2003">
  <ItemGroup>
    <ClCompile Include="ButtonList.cpp" />
    <ClCompile Include="Common.cpp" />
    <ClCompile Include="Game.cpp" />
    <ClCompile Include="Grid.cpp" />
    <ClCompile Include="Main.cpp" />
    <ClCompile Include="Player.cpp" />
    <ClCompile Include="Inventory.cpp" />
    <ClCompile Include="Utils.cpp" />
    <ClCompile Include="Lockpick.cpp" />
  </ItemGroup>
  <ItemGroup>
    <ClInclude Include="ButtonList.h" />
    <ClInclude Include="Common.h" />
    <ClInclude Include="Game.h" />
    <ClInclude Include="Grid.h" />
    <ClInclude Include="Player.h" />
    <ClInclude Include="Inventory.h" />
    <ClInclude Include="Items.h" />
    <ClInclude Include="Utils.h" />
  </ItemGroup>
</Project>